
Microsoft Visual Studio Solution File, Format Version 12.00
# Visual Studio Version 17
VisualStudioVersion = 17.12.35527.113
MinimumVisualStudioVersion = 10.0.40219.1
Project("{2150E333-8FDC-42A3-9474-1A3956D46DE8}") = "src", "src", "{1F5CE1DE-C7F6-48AB-BF79-EF8903039FCF}"
EndProject
Project("{2150E333-8FDC-42A3-9474-1A3956D46DE8}") = "01-Domain", "01-Domain", "{E1B99683-1996-4961-BDB5-7EBB44585750}"
EndProject
Project("{2150E333-8FDC-42A3-9474-1A3956D46DE8}") = "02-Infrastructures", "02-Infrastructures", "{AC8C2699-B3F1-4BCA-9D08-911E59EC4BAE}"
EndProject
Project("{2150E333-8FDC-42A3-9474-1A3956D46DE8}") = "03-EndPoints", "03-EndPoints", "{040FB6DF-B550-4495-8B56-AED65EB324A7}"
EndProject
Project("{2150E333-8FDC-42A3-9474-1A3956D46DE8}") = "Core", "Core", "{15DDCF4D-3DA1-4A01-8322-7067EAA61485}"
EndProject
Project("{2150E333-8FDC-42A3-9474-1A3956D46DE8}") = "Service", "Service", "{11A85F80-75AF-4D8A-89FE-13B1A4E86195}"
EndProject
Project("{2150E333-8FDC-42A3-9474-1A3956D46DE8}") = "DataAccess", "DataAccess", "{DBCA7510-144B-4CF0-A112-218262CE256A}"
EndProject
Project("{2150E333-8FDC-42A3-9474-1A3956D46DE8}") = "DataBase", "DataBase", "{B309F943-565F-480D-A756-F80DD6ADECCA}"
EndProject
Project("{FAE04EC0-301F-11D3-BF4B-00C04F79EFBC}") = "App.Domain.Core", "App.Domain.Core\App.Domain.Core.csproj", "{82A28F59-E578-436C-BE70-DE7F50C96E92}"
EndProject
Project("{FAE04EC0-301F-11D3-BF4B-00C04F79EFBC}") = "App.Infra.Data.Repos.Ef", "App.Infra.Data.Repos.Ef\App.Infra.Data.Repos.Ef.csproj", "{78B43A53-4E89-45B1-AF38-440E69F3F37F}"
EndProject
Project("{FAE04EC0-301F-11D3-BF4B-00C04F79EFBC}") = "Connection", "Connection\Connection.csproj", "{EECC58F9-F8A6-4E22-93AF-5609F620210D}"
EndProject
Project("{FAE04EC0-301F-11D3-BF4B-00C04F79EFBC}") = "EndPoint", "EndPoint\EndPoint.csproj", "{8A965270-285F-4456-91F5-A0D355DA8ACC}"
EndProject
Project("{FAE04EC0-301F-11D3-BF4B-00C04F79EFBC}") = "App.Domain.AppServices", "App.Domain.AppServices\App.Domain.AppServices.csproj", "{76619AC1-656D-46D2-9F1D-265CE90DD0DA}"
EndProject
Project("{FAE04EC0-301F-11D3-BF4B-00C04F79EFBC}") = "App.Domain.Services", "App.Domain.Services\App.Domain.Services.csproj", "{80067862-C70E-4D09-877C-FC03CC085EB3}"
EndProject
Project("{FAE04EC0-301F-11D3-BF4B-00C04F79EFBC}") = "APIEndPoint", "APIEndPoint\APIEndPoint.csproj", "{F5FA6FD8-C496-4437-89E3-08260AAB52FB}"
EndProject
Global
	GlobalSection(SolutionConfigurationPlatforms) = preSolution
		Debug|Any CPU = Debug|Any CPU
		Release|Any CPU = Release|Any CPU
	EndGlobalSection
	GlobalSection(ProjectConfigurationPlatforms) = postSolution
		{82A28F59-E578-436C-BE70-DE7F50C96E92}.Debug|Any CPU.ActiveCfg = Debug|Any CPU
		{82A28F59-E578-436C-BE70-DE7F50C96E92}.Debug|Any CPU.Build.0 = Debug|Any CPU
		{82A28F59-E578-436C-BE70-DE7F50C96E92}.Release|Any CPU.ActiveCfg = Release|Any CPU
		{82A28F59-E578-436C-BE70-DE7F50C96E92}.Release|Any CPU.Build.0 = Release|Any CPU
		{78B43A53-4E89-45B1-AF38-440E69F3F37F}.Debug|Any CPU.ActiveCfg = Debug|Any CPU
		{78B43A53-4E89-45B1-AF38-440E69F3F37F}.Debug|Any CPU.Build.0 = Debug|Any CPU
		{78B43A53-4E89-45B1-AF38-440E69F3F37F}.Release|Any CPU.ActiveCfg = Release|Any CPU
		{78B43A53-4E89-45B1-AF38-440E69F3F37F}.Release|Any CPU.Build.0 = Release|Any CPU
		{EECC58F9-F8A6-4E22-93AF-5609F620210D}.Debug|Any CPU.ActiveCfg = Debug|Any CPU
		{EECC58F9-F8A6-4E22-93AF-5609F620210D}.Debug|Any CPU.Build.0 = Debug|Any CPU
		{EECC58F9-F8A6-4E22-93AF-5609F620210D}.Release|Any CPU.ActiveCfg = Release|Any CPU
		{EECC58F9-F8A6-4E22-93AF-5609F620210D}.Release|Any CPU.Build.0 = Release|Any CPU
		{8A965270-285F-4456-91F5-A0D355DA8ACC}.Debug|Any CPU.ActiveCfg = Debug|Any CPU
		{8A965270-285F-4456-91F5-A0D355DA8ACC}.Debug|Any CPU.Build.0 = Debug|Any CPU
		{8A965270-285F-4456-91F5-A0D355DA8ACC}.Release|Any CPU.ActiveCfg = Release|Any CPU
		{8A965270-285F-4456-91F5-A0D355DA8ACC}.Release|Any CPU.Build.0 = Release|Any CPU
		{76619AC1-656D-46D2-9F1D-265CE90DD0DA}.Debug|Any CPU.ActiveCfg = Debug|Any CPU
		{76619AC1-656D-46D2-9F1D-265CE90DD0DA}.Debug|Any CPU.Build.0 = Debug|Any CPU
		{76619AC1-656D-46D2-9F1D-265CE90DD0DA}.Release|Any CPU.ActiveCfg = Release|Any CPU
		{76619AC1-656D-46D2-9F1D-265CE90DD0DA}.Release|Any CPU.Build.0 = Release|Any CPU
		{80067862-C70E-4D09-877C-FC03CC085EB3}.Debug|Any CPU.ActiveCfg = Debug|Any CPU
		{80067862-C70E-4D09-877C-FC03CC085EB3}.Debug|Any CPU.Build.0 = Debug|Any CPU
		{80067862-C70E-4D09-877C-FC03CC085EB3}.Release|Any CPU.ActiveCfg = Release|Any CPU
		{80067862-C70E-4D09-877C-FC03CC085EB3}.Release|Any CPU.Build.0 = Release|Any CPU
		{F5FA6FD8-C496-4437-89E3-08260AAB52FB}.Debug|Any CPU.ActiveCfg = Debug|Any CPU
		{F5FA6FD8-C496-4437-89E3-08260AAB52FB}.Debug|Any CPU.Build.0 = Debug|Any CPU
		{F5FA6FD8-C496-4437-89E3-08260AAB52FB}.Release|Any CPU.ActiveCfg = Release|Any CPU
		{F5FA6FD8-C496-4437-89E3-08260AAB52FB}.Release|Any CPU.Build.0 = Release|Any CPU
	EndGlobalSection
	GlobalSection(SolutionProperties) = preSolution
		HideSolutionNode = FALSE
	EndGlobalSection
	GlobalSection(NestedProjects) = preSolution
		{E1B99683-1996-4961-BDB5-7EBB44585750} = {1F5CE1DE-C7F6-48AB-BF79-EF8903039FCF}
		{AC8C2699-B3F1-4BCA-9D08-911E59EC4BAE} = {1F5CE1DE-C7F6-48AB-BF79-EF8903039FCF}
		{040FB6DF-B550-4495-8B56-AED65EB324A7} = {1F5CE1DE-C7F6-48AB-BF79-EF8903039FCF}
		{15DDCF4D-3DA1-4A01-8322-7067EAA61485} = {E1B99683-1996-4961-BDB5-7EBB44585750}
		{11A85F80-75AF-4D8A-89FE-13B1A4E86195} = {E1B99683-1996-4961-BDB5-7EBB44585750}
		{DBCA7510-144B-4CF0-A112-218262CE256A} = {AC8C2699-B3F1-4BCA-9D08-911E59EC4BAE}
		{B309F943-565F-480D-A756-F80DD6ADECCA} = {AC8C2699-B3F1-4BCA-9D08-911E59EC4BAE}
		{82A28F59-E578-436C-BE70-DE7F50C96E92} = {15DDCF4D-3DA1-4A01-8322-7067EAA61485}
		{78B43A53-4E89-45B1-AF38-440E69F3F37F} = {DBCA7510-144B-4CF0-A112-218262CE256A}
		{EECC58F9-F8A6-4E22-93AF-5609F620210D} = {B309F943-565F-480D-A756-F80DD6ADECCA}
		{8A965270-285F-4456-91F5-A0D355DA8ACC} = {040FB6DF-B550-4495-8B56-AED65EB324A7}
		{76619AC1-656D-46D2-9F1D-265CE90DD0DA} = {11A85F80-75AF-4D8A-89FE-13B1A4E86195}
		{80067862-C70E-4D09-877C-FC03CC085EB3} = {11A85F80-75AF-4D8A-89FE-13B1A4E86195}
		{F5FA6FD8-C496-4437-89E3-08260AAB52FB} = {040FB6DF-B550-4495-8B56-AED65EB324A7}
	EndGlobalSection
EndGlobal
